
Microsoft Visual Studio Solution File, Format Version 12.00
# Visual Studio Version 16
VisualStudioVersion = 16.0.32630.194
MinimumVisualStudioVersion = 10.0.40219.1
Project("{FAE04EC0-301F-11D3-BF4B-00C04F79EFBC}") = "Dz_22", "Dz_22\Dz_22.csproj", "{AFECEBC5-A901-4624-B2E0-738D89233D26}"
EndProject
Global
	GlobalSection(SolutionConfigurationPlatforms) = preSolution
		Debug|Any CPU = Debug|Any CPU
		Release|Any CPU = Release|Any CPU
	EndGlobalSection
	GlobalSection(ProjectConfigurationPlatforms) = postSolution
		{AFECEBC5-A901-4624-B2E0-738D89233D26}.Debug|Any CPU.ActiveCfg = Debug|Any CPU
		{AFECEBC5-A901-4624-B2E0-738D89233D26}.Debug|Any CPU.Build.0 = Debug|Any CPU
		{AFECEBC5-A901-4624-B2E0-738D89233D26}.Release|Any CPU.ActiveCfg = Release|Any CPU
		{AFECEBC5-A901-4624-B2E0-738D89233D26}.Release|Any CPU.Build.0 = Release|Any CPU
	EndGlobalSection
	GlobalSection(SolutionProperties) = preSolution
		HideSolutionNode = FALSE
	EndGlobalSection
	GlobalSection(ExtensibilityGlobals) = postSolution
		SolutionGuid = {19CD88FB-EFDE-43C4-A446-44C0347129DC}
	EndGlobalSection
EndGlobal
